<?xml version="1.0" encoding="utf-8"?>
<Project ToolsVersion="4.0" xmlns="http://schemas.microsoft.com/developer/msbuild/2003">
  <ItemGroup>
    <Filter Include="源文件">
      <UniqueIdentifier>{4FC737F1-C7A5-4376-A066-2A32D752A2FF}</UniqueIdentifier>
      <Extensions>cpp;c;cc;cxx;def;odl;idl;hpj;bat;asm;asmx</Extensions>
    </Filter>
    <Filter Include="头文件">
      <UniqueIdentifier>{93995380-89BD-4b04-88EB-625FBE52EBFB}</UniqueIdentifier>
      <Extensions>h;hh;hpp;hxx;hm;inl;inc;ipp;xsd</Extensions>
    </Filter>
    <Filter Include="资源文件">
      <UniqueIdentifier>{67DA6AB6-F800-4c08-8B7A-83BB121AAD01}</UniqueIdentifier>
      <Extensions>rc;ico;cur;bmp;dlg;rc2;rct;bin;rgs;gif;jpg;jpeg;jpe;resx;tiff;tif;png;wav;mfcribbon-ms</Extensions>
    </Filter>
    <Filter Include="IM">
      <UniqueIdentifier>{3d768253-96c2-4e19-8b4f-7bba94161247}</UniqueIdentifier>
    </Filter>
    <Filter Include="util">
      <UniqueIdentifier>{8aa3a647-f0c3-4554-9887-a297676ee5b6}</UniqueIdentifier>
    </Filter>
    <Filter Include="Login">
      <UniqueIdentifier>{777b67e2-22c5-42dd-938b-0e5aca13f03e}</UniqueIdentifier>
    </Filter>
    <Filter Include="IM\C2C">
      <UniqueIdentifier>{0d26a427-b310-4fc1-b05d-84ac81922c92}</UniqueIdentifier>
    </Filter>
    <Filter Include="IM\Chatroom">
      <UniqueIdentifier>{f2c13b88-e6c4-4e31-b782-f29e26597756}</UniqueIdentifier>
    </Filter>
    <Filter Include="IM\group">
      <UniqueIdentifier>{3ecb07f3-71e1-42db-8200-8b7ff98109fa}</UniqueIdentifier>
    </Filter>
    <Filter Include="third">
      <UniqueIdentifier>{ca0413e5-35d3-42aa-9820-a10243f9381c}</UniqueIdentifier>
    </Filter>
    <Filter Include="FaceRecognition">
      <UniqueIdentifier>{fffdb5e9-bc24-4cd6-802e-7139756fc371}</UniqueIdentifier>
    </Filter>
    <Filter Include="voip">
      <UniqueIdentifier>{2dbe44ad-6123-4bad-a7c5-a60c241eadf7}</UniqueIdentifier>
    </Filter>
  </ItemGroup>
  <ItemGroup>
    <ClInclude Include="stdafx.h">
      <Filter>头文件</Filter>
    </ClInclude>
    <ClInclude Include="targetver.h">
      <Filter>头文件</Filter>
    </ClInclude>
    <ClInclude Include="Resource.h">
      <Filter>头文件</Filter>
    </ClInclude>
    <ClInclude Include="CLiveProgram.h">
      <Filter>头文件</Filter>
    </ClInclude>
    <ClInclude Include="CStarRTCMenuDialog.h">
      <Filter>头文件</Filter>
    </ClInclude>
    <ClInclude Include="CCreateLiveDialog.h">
      <Filter>头文件</Filter>
    </ClInclude>
    <ClInclude Include="CProcessInfo.h">
      <Filter>头文件</Filter>
    </ClInclude>
    <ClInclude Include="CSelectShowWndDlg.h">
      <Filter>头文件</Filter>
    </ClInclude>
    <ClInclude Include="CPicControl.h">
      <Filter>头文件</Filter>
    </ClInclude>
    <ClInclude Include="CPicControlCallback.h">
      <Filter>头文件</Filter>
    </ClInclude>
    <ClInclude Include="CFaceFeatureRegisterDlg.h">
      <Filter>头文件</Filter>
    </ClInclude>
    <ClInclude Include="CLiveUserInfo.h">
      <Filter>头文件</Filter>
    </ClInclude>
    <ClInclude Include="CDataShowView.h">
      <Filter>头文件</Filter>
    </ClInclude>
    <ClInclude Include="CIMDialog.h">
      <Filter>IM</Filter>
    </ClInclude>
    <ClInclude Include="CSqliteDB.h">
      <Filter>IM</Filter>
    </ClInclude>
    <ClInclude Include="HttpClient.h">
      <Filter>util</Filter>
    </ClInclude>
    <ClInclude Include="CvvImage.h">
      <Filter>util</Filter>
    </ClInclude>
    <ClInclude Include="CSeviceParamDialog.h">
      <Filter>Login</Filter>
    </ClInclude>
    <ClInclude Include="CSettingDialog.h">
      <Filter>Login</Filter>
    </ClInclude>
    <ClInclude Include="CCreateNewChatOneToOne.h">
      <Filter>IM\C2C</Filter>
    </ClInclude>
    <ClInclude Include="CHistoryBean.h">
      <Filter>IM\C2C</Filter>
    </ClInclude>
    <ClInclude Include="CIMOneToOneDialog.h">
      <Filter>IM\C2C</Filter>
    </ClInclude>
    <ClInclude Include="ChatroomInfo.h">
      <Filter>IM\Chatroom</Filter>
    </ClInclude>
    <ClInclude Include="CMessageBean.h">
      <Filter>IM\C2C</Filter>
    </ClInclude>
    <ClInclude Include="CChatroomDlg.h">
      <Filter>IM\Chatroom</Filter>
    </ClInclude>
    <ClInclude Include="CCreateNewChatroomDlg.h">
      <Filter>IM\Chatroom</Filter>
    </ClInclude>
    <ClInclude Include="CGroupDialog.h">
      <Filter>IM\group</Filter>
    </ClInclude>
    <ClInclude Include="CCreateNewGroupDlg.h">
      <Filter>头文件</Filter>
    </ClInclude>
    <ClInclude Include="CMultipleMeetingDialog.h">
      <Filter>头文件</Filter>
    </ClInclude>
    <ClInclude Include="CInteracteLiveDlg.h">
      <Filter>头文件</Filter>
    </ClInclude>
    <ClInclude Include="starrtcdemo.h">
      <Filter>头文件</Filter>
    </ClInclude>
    <ClInclude Include="starrtcdemoDlg.h">
      <Filter>头文件</Filter>
    </ClInclude>
    <ClInclude Include="CNewDlg.h">
      <Filter>头文件</Filter>
    </ClInclude>
    <ClInclude Include="..\..\third\starrtccoredll\include\CIMMessage.h">
      <Filter>third</Filter>
    </ClInclude>
    <ClInclude Include="..\..\third\starrtccoredll\include\CServiceParam.h">
      <Filter>third</Filter>
    </ClInclude>
    <ClInclude Include="..\..\third\starrtccoredll\include\CUserManager.h">
      <Filter>third</Filter>
    </ClInclude>
    <ClInclude Include="..\..\third\starrtccoredll\include\IErrorCallback.h">
      <Filter>third</Filter>
    </ClInclude>
    <ClInclude Include="..\..\third\starrtccoredll\include\IGroupListener.h">
      <Filter>third</Filter>
    </ClInclude>
    <ClInclude Include="..\..\third\starrtccoredll\include\ISrcListener.h">
      <Filter>third</Filter>
    </ClInclude>
    <ClInclude Include="..\..\third\starrtccoredll\include\IStarIMC2CListener.h">
      <Filter>third</Filter>
    </ClInclude>
    <ClInclude Include="..\..\third\starrtccoredll\include\IStarIMChatroomListener.h">
      <Filter>third</Filter>
    </ClInclude>
    <ClInclude Include="..\..\third\starrtccoredll\include\IVdnListener.h">
      <Filter>third</Filter>
    </ClInclude>
    <ClInclude Include="..\..\third\starrtccoredll\include\StarIMMessageType.h">
      <Filter>third</Filter>
    </ClInclude>
    <ClInclude Include="..\..\third\starrtccoredll\include\StarRtcCore.h">
      <Filter>third</Filter>
    </ClInclude>
    <ClInclude Include="CFindfaceResult.h">
      <Filter>FaceRecognition</Filter>
    </ClInclude>
    <ClInclude Include="CVoipDlg.h">
      <Filter>voip</Filter>
    </ClInclude>
    <ClInclude Include="CVoipDataShowView.h">
      <Filter>头文件</Filter>
    </ClInclude>
    <ClInclude Include="CDataControl.h">
      <Filter>头文件</Filter>
    </ClInclude>
    <ClInclude Include="CShowLiveDlg.h">
      <Filter>头文件</Filter>
    </ClInclude>
    <ClInclude Include="CShowLiveControl.h">
      <Filter>头文件</Filter>
    </ClInclude>
    <ClInclude Include="CLocalDataControlListener.h">
      <Filter>头文件</Filter>
    </ClInclude>
    <ClInclude Include="IShowLiveCallback.h">
      <Filter>头文件</Filter>
    </ClInclude>
    <ClInclude Include="ISoundCallback.h">
      <Filter>头文件</Filter>
    </ClInclude>
    <ClInclude Include="PlaySound.h">
      <Filter>头文件</Filter>
    </ClInclude>
    <ClInclude Include="RecodeSound.h">
      <Filter>头文件</Filter>
    </ClInclude>
    <ClInclude Include="CSoundManager.h">
      <Filter>头文件</Filter>
    </ClInclude>
    <ClInclude Include="CAudioChatroomDlg.h">
      <Filter>头文件</Filter>
    </ClInclude>
    <ClInclude Include="CVoipP2PDlg.h">
      <Filter>头文件</Filter>
    </ClInclude>
    <ClInclude Include="CPicControlMonitor.h">
      <Filter>头文件</Filter>
    </ClInclude>
    <ClInclude Include="CPicControlMonitorCallback.h">
      <Filter>头文件</Filter>
    </ClInclude>
    <ClInclude Include="CInterfaceUrls.h">
      <Filter>头文件</Filter>
    </ClInclude>
    <ClInclude Include="CUserInformation.h">
      <Filter>头文件</Filter>
    </ClInclude>
    <ClInclude Include="CCustomButton.h">
      <Filter>头文件</Filter>
    </ClInclude>
    <ClInclude Include="IButtonCallback.h">
      <Filter>头文件</Filter>
    </ClInclude>
    <ClInclude Include="CMinClassListDlg.h">
      <Filter>头文件</Filter>
    </ClInclude>
    <ClInclude Include="CMinClassDlg.h">
      <Filter>头文件</Filter>
    </ClInclude>
    <ClInclude Include="CMinClassDataShowView.h">
      <Filter>头文件</Filter>
    </ClInclude>
    <ClInclude Include="CStarWhitePanel.h">
      <Filter>头文件</Filter>
    </ClInclude>
    <ClInclude Include="CWhitePanelDlg.h">
      <Filter>头文件</Filter>
    </ClInclude>
    <ClInclude Include="IWhitePanelCallback.h">
      <Filter>头文件</Filter>
    </ClInclude>
    <ClInclude Include="WhitePanelActionType.h">
      <Filter>头文件</Filter>
    </ClInclude>
    <ClInclude Include="CConfigManager.h">
      <Filter>头文件</Filter>
    </ClInclude>
    <ClInclude Include="CSuperAudioChatroomDlg.h">
      <Filter>头文件</Filter>
    </ClInclude>
  </ItemGroup>
  <ItemGroup>
    <ClCompile Include="stdafx.cpp">
      <Filter>源文件</Filter>
    </ClCompile>
    <ClCompile Include="CLiveProgram.cpp">
      <Filter>源文件</Filter>
    </ClCompile>
    <ClCompile Include="CStarRTCMenuDialog.cpp">
      <Filter>源文件</Filter>
    </ClCompile>
    <ClCompile Include="CCreateLiveDialog.cpp">
      <Filter>源文件</Filter>
    </ClCompile>
    <ClCompile Include="CProcessInfo.cpp">
      <Filter>源文件</Filter>
    </ClCompile>
    <ClCompile Include="CSelectShowWndDlg.cpp">
      <Filter>源文件</Filter>
    </ClCompile>
    <ClCompile Include="CPicControl.cpp">
      <Filter>源文件</Filter>
    </ClCompile>
    <ClCompile Include="CFaceFeatureRegisterDlg.cpp">
      <Filter>源文件</Filter>
    </ClCompile>
    <ClCompile Include="CDataShowView.cpp">
      <Filter>源文件</Filter>
    </ClCompile>
    <ClCompile Include="CIMDialog.cpp">
      <Filter>IM</Filter>
    </ClCompile>
    <ClCompile Include="CSqliteDB.cpp">
      <Filter>IM</Filter>
    </ClCompile>
    <ClCompile Include="CvvImage.cpp">
      <Filter>util</Filter>
    </ClCompile>
    <ClCompile Include="HttpClient.cpp">
      <Filter>util</Filter>
    </ClCompile>
    <ClCompile Include="CSettingDialog.cpp">
      <Filter>Login</Filter>
    </ClCompile>
    <ClCompile Include="CSeviceParamDialog.cpp">
      <Filter>Login</Filter>
    </ClCompile>
    <ClCompile Include="CCreateNewChatOneToOne.cpp">
      <Filter>IM\C2C</Filter>
    </ClCompile>
    <ClCompile Include="CHistoryBean.cpp">
      <Filter>IM\C2C</Filter>
    </ClCompile>
    <ClCompile Include="CIMOneToOneDialog.cpp">
      <Filter>IM\C2C</Filter>
    </ClCompile>
    <ClCompile Include="CMessageBean.cpp">
      <Filter>IM\C2C</Filter>
    </ClCompile>
    <ClCompile Include="CChatroomDlg.cpp">
      <Filter>IM\Chatroom</Filter>
    </ClCompile>
    <ClCompile Include="CCreateNewChatroomDlg.cpp">
      <Filter>IM\Chatroom</Filter>
    </ClCompile>
    <ClCompile Include="CGroupDialog.cpp">
      <Filter>IM\group</Filter>
    </ClCompile>
    <ClCompile Include="CCreateNewGroupDlg.cpp">
      <Filter>源文件</Filter>
    </ClCompile>
    <ClCompile Include="CMultipleMeetingDialog.cpp">
      <Filter>源文件</Filter>
    </ClCompile>
    <ClCompile Include="CInteracteLiveDlg.cpp">
      <Filter>源文件</Filter>
    </ClCompile>
    <ClCompile Include="starrtcdemo.cpp">
      <Filter>源文件</Filter>
    </ClCompile>
    <ClCompile Include="starrtcdemoDlg.cpp">
      <Filter>源文件</Filter>
    </ClCompile>
    <ClCompile Include="CNewDlg.cpp">
      <Filter>源文件</Filter>
    </ClCompile>
    <ClCompile Include="CVoipDlg.cpp">
      <Filter>voip</Filter>
    </ClCompile>
    <ClCompile Include="CVoipDataShowView.cpp">
      <Filter>源文件</Filter>
    </ClCompile>
    <ClCompile Include="CDataControl.cpp">
      <Filter>源文件</Filter>
    </ClCompile>
    <ClCompile Include="CShowLiveDlg.cpp">
      <Filter>源文件</Filter>
    </ClCompile>
    <ClCompile Include="CShowLiveControl.cpp">
      <Filter>源文件</Filter>
    </ClCompile>
    <ClCompile Include="PlaySound.cpp">
      <Filter>源文件</Filter>
    </ClCompile>
    <ClCompile Include="RecodeSound.cpp">
      <Filter>源文件</Filter>
    </ClCompile>
    <ClCompile Include="CSoundManager.cpp">
      <Filter>源文件</Filter>
    </ClCompile>
    <ClCompile Include="CAudioChatroomDlg.cpp">
      <Filter>源文件</Filter>
    </ClCompile>
    <ClCompile Include="CVoipP2PDlg.cpp">
      <Filter>源文件</Filter>
    </ClCompile>
    <ClCompile Include="CPicControlMonitor.cpp">
      <Filter>源文件</Filter>
    </ClCompile>
    <ClCompile Include="CInterfaceUrls.cpp">
      <Filter>源文件</Filter>
    </ClCompile>
    <ClCompile Include="CCustomButton.cpp">
      <Filter>源文件</Filter>
    </ClCompile>
    <ClCompile Include="CMinClassListDlg.cpp">
      <Filter>源文件</Filter>
    </ClCompile>
    <ClCompile Include="CMinClassDlg.cpp">
      <Filter>源文件</Filter>
    </ClCompile>
    <ClCompile Include="CMinClassDataShowView.cpp">
      <Filter>源文件</Filter>
    </ClCompile>
    <ClCompile Include="CStarWhitePanel.cpp">
      <Filter>源文件</Filter>
    </ClCompile>
    <ClCompile Include="CWhitePanelDlg.cpp">
      <Filter>源文件</Filter>
    </ClCompile>
    <ClCompile Include="CConfigManager.cpp">
      <Filter>头文件</Filter>
    </ClCompile>
    <ClCompile Include="CSuperAudioChatroomDlg.cpp">
      <Filter>源文件</Filter>
    </ClCompile>
  </ItemGroup>
  <ItemGroup>
    <ResourceCompile Include="starrtcdemo.rc">
      <Filter>资源文件</Filter>
    </ResourceCompile>
  </ItemGroup>
  <ItemGroup>
    <None Include="res\starrtcdemo.rc2">
      <Filter>资源文件</Filter>
    </None>
  </ItemGroup>
  <ItemGroup>
    <Image Include="res\starrtcdemo.ico">
      <Filter>资源文件</Filter>
    </Image>
    <Image Include="res\bitmap1.bmp">
      <Filter>资源文件</Filter>
    </Image>
    <Image Include="res\startrtcdemo.ico">
      <Filter>资源文件</Filter>
    </Image>
    <Image Include="C:\Users\hanjing5\Desktop\1.png">
      <Filter>资源文件</Filter>
    </Image>
    <Image Include="C:\Users\hanjing5\Desktop\1.bmp">
      <Filter>资源文件</Filter>
    </Image>
    <Image Include="C:\Users\hanjing5\Desktop\head\head_icon_1.bmp">
      <Filter>资源文件</Filter>
    </Image>
    <Image Include="c:\users\hanjing5\desktop\head\bitmap3.bmp">
      <Filter>资源文件</Filter>
    </Image>
  </ItemGroup>
</Project>